// !$*UTF8*$!
{
	archiveVersion = 1;
	classes = {
	};
	objectVersion = 46;
	objects = {

/* Begin PBXBuildFile section */
		9B9C3D581C702D3F005BD20C /* main.m in Sources */ = {isa = PBXBuildFile; fileRef = 9B9C3D571C702D3F005BD20C /* main.m */; };
		9B9C3D5B1C702D3F005BD20C /* AppDelegate.m in Sources */ = {isa = PBXBuildFile; fileRef = 9B9C3D5A1C702D3F005BD20C /* AppDelegate.m */; };
		9B9C3D5E1C702D3F005BD20C /* ViewController.m in Sources */ = {isa = PBXBuildFile; fileRef = 9B9C3D5D1C702D3F005BD20C /* ViewController.m */; };
		9B9C3D611C702D3F005BD20C /* Main.storyboard in Resources */ = {isa = PBXBuildFile; fileRef = 9B9C3D5F1C702D3F005BD20C /* Main.storyboard */; };
		9B9C3D631C702D3F005BD20C /* Images.xcassets in Resources */ = {isa = PBXBuildFile; fileRef = 9B9C3D621C702D3F005BD20C /* Images.xcassets */; };
		9B9C3D661C702D3F005BD20C /* LaunchScreen.xib in Resources */ = {isa = PBXBuildFile; fileRef = 9B9C3D641C702D3F005BD20C /* LaunchScreen.xib */; };
		9B9C3D721C702D3F005BD20C /* ZKComboBoxTests.m in Sources */ = {isa = PBXBuildFile; fileRef = 9B9C3D711C702D3F005BD20C /* ZKComboBoxTests.m */; };
		9B9C3D7D1C702D7A005BD20C /* ZKComboBoxView.m in Sources */ = {isa = PBXBuildFile; fileRef = 9B9C3D7C1C702D7A005BD20C /* ZKComboBoxView.m */; };
		9B9C3D7F1C703233005BD20C /* down_dark.png in Resources */ = {isa = PBXBuildFile; fileRef = 9B9C3D7E1C703233005BD20C /* down_dark.png */; };
/* End PBXBuildFile section */

/* Begin PBXContainerItemProxy section */
		9B9C3D6C1C702D3F005BD20C /* PBXContainerItemProxy */ = {
			isa = PBXContainerItemProxy;
			containerPortal = 9B9C3D4A1C702D3E005BD20C /* Project object */;
			proxyType = 1;
			remoteGlobalIDString = 9B9C3D511C702D3E005BD20C;
			remoteInfo = ZKComboBox;
		};
/* End PBXContainerItemProxy section */

/* Begin PBXFileReference section */
		9B9C3D521C702D3E005BD20C /* ZKComboBox.app */ = {isa = PBXFileReference; explicitFileType = wrapper.application; includeInIndex = 0; path = ZKComboBox.app; sourceTree = BUILT_PRODUCTS_DIR; };
		9B9C3D561C702D3F005BD20C /* Info.plist */ = {isa = PBXFileReference; lastKnownFileType = text.plist.xml; path = Info.plist; sourceTree = "<group>"; };
		9B9C3D571C702D3F005BD20C /* main.m */ = {isa = PBXFileReference; lastKnownFileType = sourcecode.c.objc; path = main.m; sourceTree = "<group>"; };
		9B9C3D591C702D3F005BD20C /* AppDelegate.h */ = {isa = PBXFileReference; lastKnownFileType = sourcecode.c.h; path = AppDelegate.h; sourceTree = "<group>"; };
		9B9C3D5A1C702D3F005BD20C /* AppDelegate.m */ = {isa = PBXFileReference; lastKnownFileType = sourcecode.c.objc; path = AppDelegate.m; sourceTree = "<group>"; };
		9B9C3D5C1C702D3F005BD20C /* ViewController.h */ = {isa = PBXFileReference; lastKnownFileType = sourcecode.c.h; path = ViewController.h; sourceTree = "<group>"; };
		9B9C3D5D1C702D3F005BD20C /* ViewController.m */ = {isa = PBXFileReference; lastKnownFileType = sourcecode.c.objc; path = ViewController.m; sourceTree = "<group>"; };
		9B9C3D601C702D3F005BD20C /* Base */ = {isa = PBXFileReference; lastKnownFileType = file.storyboard; name = Base; path = Base.lproj/Main.storyboard; sourceTree = "<group>"; };
		9B9C3D621C702D3F005BD20C /* Images.xcassets */ = {isa = PBXFileReference; lastKnownFileType = folder.assetcatalog; path = Images.xcassets; sourceTree = "<group>"; };
		9B9C3D651C702D3F005BD20C /* Base */ = {isa = PBXFileReference; lastKnownFileType = file.xib; name = Base; path = Base.lproj/LaunchScreen.xib; sourceTree = "<group>"; };
		9B9C3D6B1C702D3F005BD20C /* ZKComboBoxTests.xctest */ = {isa = PBXFileReference; explicitFileType = wrapper.cfbundle; includeInIndex = 0; path = ZKComboBoxTests.xctest; sourceTree = BUILT_PRODUCTS_DIR; };
		9B9C3D701C702D3F005BD20C /* Info.plist */ = {isa = PBXFileReference; lastKnownFileType = text.plist.xml; path = Info.plist; sourceTree = "<group>"; };
		9B9C3D711C702D3F005BD20C /* ZKComboBoxTests.m */ = {isa = PBXFileReference; lastKnownFileType = sourcecode.c.objc; path = ZKComboBoxTests.m; sourceTree = "<group>"; };
		9B9C3D7B1C702D7A005BD20C /* ZKComboBoxView.h */ = {isa = PBXFileReference; fileEncoding = 4; lastKnownFileType = sourcecode.c.h; path = ZKComboBoxView.h; sourceTree = "<group>"; };
		9B9C3D7C1C702D7A005BD20C /* ZKComboBoxView.m */ = {isa = PBXFileReference; fileEncoding = 4; lastKnownFileType = sourcecode.c.objc; path = ZKComboBoxView.m; sourceTree = "<group>"; };
		9B9C3D7E1C703233005BD20C /* down_dark.png */ = {isa = PBXFileReference; lastKnownFileType = image.png; path = down_dark.png; sourceTree = "<group>"; };
/* End PBXFileReference section */

/* Begin PBXFrameworksBuildPhase section */
		9B9C3D4F1C702D3E005BD20C /* Frameworks */ = {
			isa = PBXFrameworksBuildPhase;
			buildActionMask = 2147483647;
			files = (
			);
			runOnlyForDeploymentPostprocessing = 0;
		};
		9B9C3D681C702D3F005BD20C /* Frameworks */ = {
			isa = PBXFrameworksBuildPhase;
			buildActionMask = 2147483647;
			files = (
			);
			runOnlyForDeploymentPostprocessing = 0;
		};
/* End PBXFrameworksBuildPhase section */

/* Begin PBXGroup section */
		9B9C3D491C702D3E005BD20C = {
			isa = PBXGroup;
			children = (
				9B9C3D541C702D3F005BD20C /* ZKComboBox */,
				9B9C3D6E1C702D3F005BD20C /* ZKComboBoxTests */,
				9B9C3D531C702D3F005BD20C /* Products */,
			);
			sourceTree = "<group>";
		};
		9B9C3D531C702D3F005BD20C /* Products */ = {
			isa = PBXGroup;
			children = (
				9B9C3D521C702D3E005BD20C /* ZKComboBox.app */,
				9B9C3D6B1C702D3F005BD20C /* ZKComboBoxTests.xctest */,
			);
			name = Products;
			sourceTree = "<group>";
		};
		9B9C3D541C702D3F005BD20C /* ZKComboBox */ = {
			isa = PBXGroup;
			children = (
				9B9C3D7E1C703233005BD20C /* down_dark.png */,
				9B9C3D591C702D3F005BD20C /* AppDelegate.h */,
				9B9C3D5A1C702D3F005BD20C /* AppDelegate.m */,
				9B9C3D5C1C702D3F005BD20C /* ViewController.h */,
				9B9C3D5D1C702D3F005BD20C /* ViewController.m */,
				9B9C3D7B1C702D7A005BD20C /* ZKComboBoxView.h */,
				9B9C3D7C1C702D7A005BD20C /* ZKComboBoxView.m */,
				9B9C3D5F1C702D3F005BD20C /* Main.storyboard */,
				9B9C3D621C702D3F005BD20C /* Images.xcassets */,
				9B9C3D641C702D3F005BD20C /* LaunchScreen.xib */,
				9B9C3D551C702D3F005BD20C /* Supporting Files */,
			);
			path = ZKComboBox;
			sourceTree = "<group>";
		};
		9B9C3D551C702D3F005BD20C /* Supporting Files */ = {
			isa = PBXGroup;
			children = (
				9B9C3D561C702D3F005BD20C /* Info.plist */,
				9B9C3D571C702D3F005BD20C /* main.m */,
			);
			name = "Supporting Files";
			sourceTree = "<group>";
		};
		9B9C3D6E1C702D3F005BD20C /* ZKComboBoxTests */ = {
			isa = PBXGroup;
			children = (
				9B9C3D711C702D3F005BD20C /* ZKComboBoxTests.m */,
				9B9C3D6F1C702D3F005BD20C /* Supporting Files */,
			);
			path = ZKComboBoxTests;
			sourceTree = "<group>";
		};
		9B9C3D6F1C702D3F005BD20C /* Supporting Files */ = {
			isa = PBXGroup;
			children = (
				9B9C3D701C702D3F005BD20C /* Info.plist */,
			);
			name = "Supporting Files";
			sourceTree = "<group>";
		};
/* End PBXGroup section */

/* Begin PBXNativeTarget section */
		9B9C3D511C702D3E005BD20C /* ZKComboBox */ = {
			isa = PBXNativeTarget;
			buildConfigurationList = 9B9C3D751C702D3F005BD20C /* Build configuration list for PBXNativeTarget "ZKComboBox" */;
			buildPhases = (
				9B9C3D4E1C702D3E005BD20C /* Sources */,
				9B9C3D4F1C702D3E005BD20C /* Frameworks */,
				9B9C3D501C702D3E005BD20C /* Resources */,
			);
			buildRules = (
			);
			dependencies = (
			);
			name = ZKComboBox;
			productName = ZKComboBox;
			productReference = 9B9C3D521C702D3E005BD20C /* ZKComboBox.app */;
			productType = "com.apple.product-type.application";
		};
		9B9C3D6A1C702D3F005BD20C /* ZKComboBoxTests */ = {
			isa = PBXNativeTarget;
			buildConfigurationList = 9B9C3D781C702D3F005BD20C /* Build configuration list for PBXNativeTarget "ZKComboBoxTests" */;
			buildPhases = (
				9B9C3D671C702D3F005BD20C /* Sources */,
				9B9C3D681C702D3F005BD20C /* Frameworks */,
				9B9C3D691C702D3F005BD20C /* Resources */,
			);
			buildRules = (
			);
			dependencies = (
				9B9C3D6D1C702D3F005BD20C /* PBXTargetDependency */,
			);
			name = ZKComboBoxTests;
			productName = ZKComboBoxTests;
			productReference = 9B9C3D6B1C702D3F005BD20C /* ZKComboBoxTests.xctest */;
			productType = "com.apple.product-type.bundle.unit-test";
		};
/* End PBXNativeTarget section */

/* Begin PBXProject section */
		9B9C3D4A1C702D3E005BD20C /* Project object */ = {
			isa = PBXProject;
			attributes = {
				LastUpgradeCheck = 0640;
				ORGANIZATIONNAME = sanchun;
				TargetAttributes = {
					9B9C3D511C702D3E005BD20C = {
						CreatedOnToolsVersion = 6.4;
					};
					9B9C3D6A1C702D3F005BD20C = {
						CreatedOnToolsVersion = 6.4;
						TestTargetID = 9B9C3D511C702D3E005BD20C;
					};
				};
			};
			buildConfigurationList = 9B9C3D4D1C702D3E005BD20C /* Build configuration list for PBXProject "ZKComboBox" */;
			compatibilityVersion = "Xcode 3.2";
			developmentRegion = English;
			hasScannedForEncodings = 0;
			knownRegions = (
				en,
				Base,
			);
			mainGroup = 9B9C3D491C702D3E005BD20C;
			productRefGroup = 9B9C3D531C702D3F005BD20C /* Products */;
			projectDirPath = "";
			projectRoot = "";
			targets = (
				9B9C3D511C702D3E005BD20C /* ZKComboBox */,
				9B9C3D6A1C702D3F005BD20C /* ZKComboBoxTests */,
			);
		};
/* End PBXProject section */

/* Begin PBXResourcesBuildPhase section */
		9B9C3D501C702D3E005BD20C /* Resources */ = {
			isa = PBXResourcesBuildPhase;
			buildActionMask = 2147483647;
			files = (
				9B9C3D611C702D3F005BD20C /* Main.storyboard in Resources */,
				9B9C3D7F1C703233005BD20C /* down_dark.png in Resources */,
				9B9C3D661C702D3F005BD20C /* LaunchScreen.xib in Resources */,
				9B9C3D631C702D3F005BD20C /* Images.xcassets in Resources */,
			);
			runOnlyForDeploymentPostprocessing = 0;
		};
		9B9C3D691C702D3F005BD20C /* Resources */ = {
			isa = PBXResourcesBuildPhase;
			buildActionMask = 2147483647;
			files = (
			);
			runOnlyForDeploymentPostprocessing = 0;
		};
/* End PBXResourcesBuildPhase section */

/* Begin PBXSourcesBuildPhase section */
		9B9C3D4E1C702D3E005BD20C /* Sources */ = {
			isa = PBXSourcesBuildPhase;
			buildActionMask = 2147483647;
			files = (
				9B9C3D7D1C702D7A005BD20C /* ZKComboBoxView.m in Sources */,
				9B9C3D5E1C702D3F005BD20C /* ViewController.m in Sources */,
				9B9C3D5B1C702D3F005BD20C /* AppDelegate.m in Sources */,
				9B9C3D581C702D3F005BD20C /* main.m in Sources */,
			);
			runOnlyForDeploymentPostprocessing = 0;
		};
		9B9C3D671C702D3F005BD20C /* Sources */ = {
			isa = PBXSourcesBuildPhase;
			buildActionMask = 2147483647;
			files = (
				9B9C3D721C702D3F005BD20C /* ZKComboBoxTests.m in Sources */,
			);
			runOnlyForDeploymentPostprocessing = 0;
		};
/* End PBXSourcesBuildPhase section */

/* Begin PBXTargetDependency section */
		9B9C3D6D1C702D3F005BD20C /* PBXTargetDependency */ = {
			isa = PBXTargetDependency;
			target = 9B9C3D511C702D3E005BD20C /* ZKComboBox */;
			targetProxy = 9B9C3D6C1C702D3F005BD20C /* PBXContainerItemProxy */;
		};
/* End PBXTargetDependency section */

/* Begin PBXVariantGroup section */
		9B9C3D5F1C702D3F005BD20C /* Main.storyboard */ = {
			isa = PBXVariantGroup;
			children = (
				9B9C3D601C702D3F005BD20C /* Base */,
			);
			name = Main.storyboard;
			sourceTree = "<group>";
		};
		9B9C3D641C702D3F005BD20C /* LaunchScreen.xib */ = {
			isa = PBXVariantGroup;
			children = (
				9B9C3D651C702D3F005BD20C /* Base */,
			);
			name = LaunchScreen.xib;
			sourceTree = "<group>";
		};
/* End PBXVariantGroup section */

/* Begin XCBuildConfiguration section */
		9B9C3D731C702D3F005BD20C /* Debug */ = {
			isa = XCBuildConfiguration;
			buildSettings = {
				ALWAYS_SEARCH_USER_PATHS = NO;
				CLANG_CXX_LANGUAGE_STANDARD = "gnu++0x";
				CLANG_CXX_LIBRARY = "libc++";
				CLANG_ENABLE_MODULES = YES;
				CLANG_ENABLE_OBJC_ARC = YES;
				CLANG_WARN_BOOL_CONVERSION = YES;
				CLANG_WARN_CONSTANT_CONVERSION = YES;
				CLANG_WARN_DIRECT_OBJC_ISA_USAGE = YES_ERROR;
				CLANG_WARN_EMPTY_BODY = YES;
				CLANG_WARN_ENUM_CONVERSION = YES;
				CLANG_WARN_INT_CONVERSION = YES;
				CLANG_WARN_OBJC_ROOT_CLASS = YES_ERROR;
				CLANG_WARN_UNREACHABLE_CODE = YES;
				CLANG_WARN__DUPLICATE_METHOD_MATCH = YES;
				"CODE_SIGN_IDENTITY[sdk=iphoneos*]" = "iPhone Developer";
				COPY_PHASE_STRIP = NO;
				DEBUG_INFORMATION_FORMAT = "dwarf-with-dsym";
				ENABLE_STRICT_OBJC_MSGSEND = YES;
				GCC_C_LANGUAGE_STANDARD = gnu99;
				GCC_DYNAMIC_NO_PIC = NO;
				GCC_NO_COMMON_BLOCKS = YES;
				GCC_OPTIMIZATION_LEVEL = 0;
				GCC_PREPROCESSOR_DEFINITIONS = (
					"DEBUG=1",
					"$(inherited)",
				);
				GCC_SYMBOLS_PRIVATE_EXTERN = NO;
				GCC_WARN_64_TO_32_BIT_CONVERSION = YES;
				GCC_WARN_ABOUT_RETURN_TYPE = YES_ERROR;
				GCC_WARN_UNDECLARED_SELECTOR = YES;
				GCC_WARN_UNINITIALIZED_AUTOS = YES_AGGRESSIVE;
				GCC_WARN_UNUSED_FUNCTION = YES;
				GCC_WARN_UNUSED_VARIABLE = YES;
				IPHONEOS_DEPLOYMENT_TARGET = 8.4;
				MTL_ENABLE_DEBUG_INFO = YES;
				ONLY_ACTIVE_ARCH = YES;
				SDKROOT = iphoneos;
				TARGETED_DEVICE_FAMILY = "1,2";
			};
			name = Debug;
		};
		9B9C3D741C702D3F005BD20C /* Release */ = {
			isa = XCBuildConfiguration;
			buildSettings = {
				ALWAYS_SEARCH_USER_PATHS = NO;
				CLANG_CXX_LANGUAGE_STANDARD = "gnu++0x";
				CLANG_CXX_LIBRARY = "libc++";
				CLANG_ENABLE_MODULES = YES;
				CLANG_ENABLE_OBJC_ARC = YES;
				CLANG_WARN_BOOL_CONVERSION = YES;
				CLANG_WARN_CONSTANT_CONVERSION = YES;
				CLANG_WARN_DIRECT_OBJC_ISA_USAGE = YES_ERROR;
				CLANG_WARN_EMPTY_BODY = YES;
				CLANG_WARN_ENUM_CONVERSION = YES;
				CLANG_WARN_INT_CONVERSION = YES;
				CLANG_WARN_OBJC_ROOT_CLASS = YES_ERROR;
				CLANG_WARN_UNREACHABLE_CODE = YES;
				CLANG_WARN__DUPLICATE_METHOD_MATCH = YES;
				"CODE_SIGN_IDENTITY[sdk=iphoneos*]" = "iPhone Developer";
				COPY_PHASE_STRIP = NO;
				DEBUG_INFORMATION_FORMAT = "dwarf-with-dsym";
				ENABLE_NS_ASSERTIONS = NO;
				ENABLE_STRICT_OBJC_MSGSEND = YES;
				GCC_C_LANGUAGE_STANDARD = gnu99;
				GCC_NO_COMMON_BLOCKS = YES;
				GCC_WARN_64_TO_32_BIT_CONVERSION = YES;
				GCC_WARN_ABOUT_RETURN_TYPE = YES_ERROR;
				GCC_WARN_UNDECLARED_SELECTOR = YES;
				GCC_WARN_UNINITIALIZED_AUTOS = YES_AGGRESSIVE;
				GCC_WARN_UNUSED_FUNCTION = YES;
				GCC_WARN_UNUSED_VARIABLE = YES;
				IPHONEOS_DEPLOYMENT_TARGET = 8.4;
				MTL_ENABLE_DEBUG_INFO = NO;
				SDKROOT = iphoneos;
				TARGETED_DEVICE_FAMILY = "1,2";
				VALIDATE_PRODUCT = YES;
			};
			name = Release;
		};
		9B9C3D761C702D3F005BD20C /* Debug */ = {
			isa = XCBuildConfiguration;
			buildSettings = {
				ASSETCATALOG_COMPILER_APPICON_NAME = AppIcon;
				INFOPLIST_FILE = ZKComboBox/Info.plist;
				LD_RUNPATH_SEARCH_PATHS = "$(inherited) @executable_path/Frameworks";
				PRODUCT_NAME = "$(TARGET_NAME)";
			};
			name = Debug;
		};
		9B9C3D771C702D3F005BD20C /* Release */ = {
			isa = XCBuildConfiguration;
			buildSettings = {
				ASSETCATALOG_COMPILER_APPICON_NAME = AppIcon;
				INFOPLIST_FILE = ZKComboBox/Info.plist;
				LD_RUNPATH_SEARCH_PATHS = "$(inherited) @executable_path/Frameworks";
				PRODUCT_NAME = "$(TARGET_NAME)";
			};
			name = Release;
		};
		9B9C3D791C702D3F005BD20C /* Debug */ = {
			isa = XCBuildConfiguration;
			buildSettings = {
				BUNDLE_LOADER = "$(TEST_HOST)";
				FRAMEWORK_SEARCH_PATHS = (
					"$(SDKROOT)/Developer/Library/Frameworks",
					"$(inherited)",
				);
				GCC_PREPROCESSOR_DEFINITIONS = (
					"DEBUG=1",
					"$(inherited)",
				);
				INFOPLIST_FILE = ZKComboBoxTests/Info.plist;
				LD_RUNPATH_SEARCH_PATHS = "$(inherited) @executable_path/Frameworks @loader_path/Frameworks";
				PRODUCT_NAME = "$(TARGET_NAME)";
				TEST_HOST = "$(BUILT_PRODUCTS_DIR)/ZKComboBox.app/ZKComboBox";
			};
			name = Debug;
		};
		9B9C3D7A1C702D3F005BD20C /* Release */ = {
			isa = XCBuildConfiguration;
			buildSettings = {
				BUNDLE_LOADER = "$(TEST_HOST)";
				FRAMEWORK_SEARCH_PATHS = (
					"$(SDKROOT)/Developer/Library/Frameworks",
					"$(inherited)",
				);
				INFOPLIST_FILE = ZKComboBoxTests/Info.plist;
				LD_RUNPATH_SEARCH_PATHS = "$(inherited) @executable_path/Frameworks @loader_path/Frameworks";
				PRODUCT_NAME = "$(TARGET_NAME)";
				TEST_HOST = "$(BUILT_PRODUCTS_DIR)/ZKComboBox.app/ZKComboBox";
			};
			name = Release;
		};
/* End XCBuildConfiguration section */

/* Begin XCConfigurationList section */
		9B9C3D4D1C702D3E005BD20C /* Build configuration list for PBXProject "ZKComboBox" */ = {
			isa = XCConfigurationList;
			buildConfigurations = (
				9B9C3D731C702D3F005BD20C /* Debug */,
				9B9C3D741C702D3F005BD20C /* Release */,
			);
			defaultConfigurationIsVisible = 0;
			defaultConfigurationName = Release;
		};
		9B9C3D751C702D3F005BD20C /* Build configuration list for PBXNativeTarget "ZKComboBox" */ = {
			isa = XCConfigurationList;
			buildConfigurations = (
				9B9C3D761C702D3F005BD20C /* Debug */,
				9B9C3D771C702D3F005BD20C /* Release */,
			);
			defaultConfigurationIsVisible = 0;
		};
		9B9C3D781C702D3F005BD20C /* Build configuration list for PBXNativeTarget "ZKComboBoxTests" */ = {
			isa = XCConfigurationList;
			buildConfigurations = (
				9B9C3D791C702D3F005BD20C /* Debug */,
				9B9C3D7A1C702D3F005BD20C /* Release */,
			);
			defaultConfigurationIsVisible = 0;
		};
/* End XCConfigurationList section */
	};
	rootObject = 9B9C3D4A1C702D3E005BD20C /* Project object */;
}
